
Microsoft Visual Studio Solution File, Format Version 12.00
# Visual Studio 2012
Project("{FAE04EC0-301F-11D3-BF4B-00C04F79EFBC}") = "1.Name", "1.Name\1.Name.csproj", "{91E88191-E2C3-4D37-A6F3-53633E3022B4}"
EndProject
Project("{FAE04EC0-301F-11D3-BF4B-00C04F79EFBC}") = "2.Max", "2.Max\2.Max.csproj", "{A0BF3538-C576-4E40-803A-C79E09E55907}"
EndProject
Project("{FAE04EC0-301F-11D3-BF4B-00C04F79EFBC}") = "3.LastDigitAsWord", "3.LastDigitAsWord\3.LastDigitAsWord.csproj", "{BD8F5E2E-8278-4234-B1E1-35CFBBC114E1}"
EndProject
Project("{FAE04EC0-301F-11D3-BF4B-00C04F79EFBC}") = "4.HowManyTimes", "4.HowManyTimes\4.HowManyTimes.csproj", "{C79574F5-D794-486C-AAA2-D8A08D04AD4C}"
EndProject
Project("{FAE04EC0-301F-11D3-BF4B-00C04F79EFBC}") = "5.isBigger", "5.isBigger\5.isBigger.csproj", "{1204B371-C4AD-4D9E-8C83-DF272894D913}"
EndProject
Project("{FAE04EC0-301F-11D3-BF4B-00C04F79EFBC}") = "6.FirstElement", "6.FirstElement\6.FirstElement.csproj", "{E89D1F02-47D0-45A2-A187-F1882BF22078}"
EndProject
Project("{FAE04EC0-301F-11D3-BF4B-00C04F79EFBC}") = "7.ReverseTheDigits", "7.ReverseTheDigits\7.ReverseTheDigits.csproj", "{D5D8BE82-F080-417F-A5CE-D132968110D7}"
EndProject
Global
	GlobalSection(SolutionConfigurationPlatforms) = preSolution
		Debug|Any CPU = Debug|Any CPU
		Release|Any CPU = Release|Any CPU
	EndGlobalSection
	GlobalSection(ProjectConfigurationPlatforms) = postSolution
		{91E88191-E2C3-4D37-A6F3-53633E3022B4}.Debug|Any CPU.ActiveCfg = Debug|Any CPU
		{91E88191-E2C3-4D37-A6F3-53633E3022B4}.Debug|Any CPU.Build.0 = Debug|Any CPU
		{91E88191-E2C3-4D37-A6F3-53633E3022B4}.Release|Any CPU.ActiveCfg = Release|Any CPU
		{91E88191-E2C3-4D37-A6F3-53633E3022B4}.Release|Any CPU.Build.0 = Release|Any CPU
		{A0BF3538-C576-4E40-803A-C79E09E55907}.Debug|Any CPU.ActiveCfg = Debug|Any CPU
		{A0BF3538-C576-4E40-803A-C79E09E55907}.Debug|Any CPU.Build.0 = Debug|Any CPU
		{A0BF3538-C576-4E40-803A-C79E09E55907}.Release|Any CPU.ActiveCfg = Release|Any CPU
		{A0BF3538-C576-4E40-803A-C79E09E55907}.Release|Any CPU.Build.0 = Release|Any CPU
		{BD8F5E2E-8278-4234-B1E1-35CFBBC114E1}.Debug|Any CPU.ActiveCfg = Debug|Any CPU
		{BD8F5E2E-8278-4234-B1E1-35CFBBC114E1}.Debug|Any CPU.Build.0 = Debug|Any CPU
		{BD8F5E2E-8278-4234-B1E1-35CFBBC114E1}.Release|Any CPU.ActiveCfg = Release|Any CPU
		{BD8F5E2E-8278-4234-B1E1-35CFBBC114E1}.Release|Any CPU.Build.0 = Release|Any CPU
		{C79574F5-D794-486C-AAA2-D8A08D04AD4C}.Debug|Any CPU.ActiveCfg = Debug|Any CPU
		{C79574F5-D794-486C-AAA2-D8A08D04AD4C}.Debug|Any CPU.Build.0 = Debug|Any CPU
		{C79574F5-D794-486C-AAA2-D8A08D04AD4C}.Release|Any CPU.ActiveCfg = Release|Any CPU
		{C79574F5-D794-486C-AAA2-D8A08D04AD4C}.Release|Any CPU.Build.0 = Release|Any CPU
		{1204B371-C4AD-4D9E-8C83-DF272894D913}.Debug|Any CPU.ActiveCfg = Debug|Any CPU
		{1204B371-C4AD-4D9E-8C83-DF272894D913}.Debug|Any CPU.Build.0 = Debug|Any CPU
		{1204B371-C4AD-4D9E-8C83-DF272894D913}.Release|Any CPU.ActiveCfg = Release|Any CPU
		{1204B371-C4AD-4D9E-8C83-DF272894D913}.Release|Any CPU.Build.0 = Release|Any CPU
		{E89D1F02-47D0-45A2-A187-F1882BF22078}.Debug|Any CPU.ActiveCfg = Debug|Any CPU
		{E89D1F02-47D0-45A2-A187-F1882BF22078}.Debug|Any CPU.Build.0 = Debug|Any CPU
		{E89D1F02-47D0-45A2-A187-F1882BF22078}.Release|Any CPU.ActiveCfg = Release|Any CPU
		{E89D1F02-47D0-45A2-A187-F1882BF22078}.Release|Any CPU.Build.0 = Release|Any CPU
		{D5D8BE82-F080-417F-A5CE-D132968110D7}.Debug|Any CPU.ActiveCfg = Debug|Any CPU
		{D5D8BE82-F080-417F-A5CE-D132968110D7}.Debug|Any CPU.Build.0 = Debug|Any CPU
		{D5D8BE82-F080-417F-A5CE-D132968110D7}.Release|Any CPU.ActiveCfg = Release|Any CPU
		{D5D8BE82-F080-417F-A5CE-D132968110D7}.Release|Any CPU.Build.0 = Release|Any CPU
	EndGlobalSection
	GlobalSection(SolutionProperties) = preSolution
		HideSolutionNode = FALSE
	EndGlobalSection
EndGlobal
